// !$*UTF8*$!
{
	archiveVersion = 1;
	classes = {
	};
	objectVersion = 77;
	objects = {

/* Begin PBXBuildFile section */
		BF5289302DE3FFFF0045EA8B /* design.md in Resources */ = {isa = PBXBuildFile; fileRef = BF52892F2DE3FFF70045EA8B /* design.md */; };
/* End PBXBuildFile section */

/* Begin PBXContainerItemProxy section */
		BF5289102DE360DA0045EA8B /* PBXContainerItemProxy */ = {
			isa = PBXContainerItemProxy;
			containerPortal = BF5288F72DE360D80045EA8B /* Project object */;
			proxyType = 1;
			remoteGlobalIDString = BF5288FE2DE360D80045EA8B;
			remoteInfo = "Z Font Analyzer";
		};
		BF52891A2DE360DA0045EA8B /* PBXContainerItemProxy */ = {
			isa = PBXContainerItemProxy;
			containerPortal = BF5288F72DE360D80045EA8B /* Project object */;
			proxyType = 1;
			remoteGlobalIDString = BF5288FE2DE360D80045EA8B;
			remoteInfo = "Z Font Analyzer";
		};
/* End PBXContainerItemProxy section */

/* Begin PBXFileReference section */
		BF5288FF2DE360D80045EA8B /* Z Font Analyzer.app */ = {isa = PBXFileReference; explicitFileType = wrapper.application; includeInIndex = 0; path = "Z Font Analyzer.app"; sourceTree = BUILT_PRODUCTS_DIR; };
		BF52890F2DE360DA0045EA8B /* Z Font AnalyzerTests.xctest */ = {isa = PBXFileReference; explicitFileType = wrapper.cfbundle; includeInIndex = 0; path = "Z Font AnalyzerTests.xctest"; sourceTree = BUILT_PRODUCTS_DIR; };
		BF5289192DE360DA0045EA8B /* Z Font AnalyzerUITests.xctest */ = {isa = PBXFileReference; explicitFileType = wrapper.cfbundle; includeInIndex = 0; path = "Z Font AnalyzerUITests.xctest"; sourceTree = BUILT_PRODUCTS_DIR; };
		BF52892F2DE3FFF70045EA8B /* design.md */ = {isa = PBXFileReference; lastKnownFileType = net.daringfireball.markdown; path = design.md; sourceTree = "<group>"; };
/* End PBXFileReference section */

/* Begin PBXFileSystemSynchronizedRootGroup section */
		BF5289012DE360D80045EA8B /* Z Font Analyzer */ = {
			isa = PBXFileSystemSynchronizedRootGroup;
			path = "Z Font Analyzer";
			sourceTree = "<group>";
		};
		BF5289122DE360DA0045EA8B /* Z Font AnalyzerTests */ = {
			isa = PBXFileSystemSynchronizedRootGroup;
			path = "Z Font AnalyzerTests";
			sourceTree = "<group>";
		};
		BF52891C2DE360DA0045EA8B /* Z Font AnalyzerUITests */ = {
			isa = PBXFileSystemSynchronizedRootGroup;
			path = "Z Font AnalyzerUITests";
			sourceTree = "<group>";
		};
/* End PBXFileSystemSynchronizedRootGroup section */

/* Begin PBXFrameworksBuildPhase section */
		BF5288FC2DE360D80045EA8B /* Frameworks */ = {
			isa = PBXFrameworksBuildPhase;
			buildActionMask = 2147483647;
			files = (
			);
			runOnlyForDeploymentPostprocessing = 0;
		};
		BF52890C2DE360DA0045EA8B /* Frameworks */ = {
			isa = PBXFrameworksBuildPhase;
			buildActionMask = 2147483647;
			files = (
			);
			runOnlyForDeploymentPostprocessing = 0;
		};
		BF5289162DE360DA0045EA8B /* Frameworks */ = {
			isa = PBXFrameworksBuildPhase;
			buildActionMask = 2147483647;
			files = (
			);
			runOnlyForDeploymentPostprocessing = 0;
		};
/* End PBXFrameworksBuildPhase section */

/* Begin PBXGroup section */
		BF5288F62DE360D70045EA8B = {
			isa = PBXGroup;
			children = (
				BF52892F2DE3FFF70045EA8B /* design.md */,
				BF5289012DE360D80045EA8B /* Z Font Analyzer */,
				BF5289122DE360DA0045EA8B /* Z Font AnalyzerTests */,
				BF52891C2DE360DA0045EA8B /* Z Font AnalyzerUITests */,
				BF5289002DE360D80045EA8B /* Products */,
			);
			sourceTree = "<group>";
		};
		BF5289002DE360D80045EA8B /* Products */ = {
			isa = PBXGroup;
			children = (
				BF5288FF2DE360D80045EA8B /* Z Font Analyzer.app */,
				BF52890F2DE360DA0045EA8B /* Z Font AnalyzerTests.xctest */,
				BF5289192DE360DA0045EA8B /* Z Font AnalyzerUITests.xctest */,
			);
			name = Products;
			sourceTree = "<group>";
		};
/* End PBXGroup section */

/* Begin PBXNativeTarget section */
		BF5288FE2DE360D80045EA8B /* Z Font Analyzer */ = {
			isa = PBXNativeTarget;
			buildConfigurationList = BF5289232DE360DA0045EA8B /* Build configuration list for PBXNativeTarget "Z Font Analyzer" */;
			buildPhases = (
				BF5288FB2DE360D80045EA8B /* Sources */,
				BF5288FC2DE360D80045EA8B /* Frameworks */,
				BF5288FD2DE360D80045EA8B /* Resources */,
			);
			buildRules = (
			);
			dependencies = (
			);
			fileSystemSynchronizedGroups = (
				BF5289012DE360D80045EA8B /* Z Font Analyzer */,
			);
			name = "Z Font Analyzer";
			packageProductDependencies = (
			);
			productName = "Z Font Analyzer";
			productReference = BF5288FF2DE360D80045EA8B /* Z Font Analyzer.app */;
			productType = "com.apple.product-type.application";
		};
		BF52890E2DE360DA0045EA8B /* Z Font AnalyzerTests */ = {
			isa = PBXNativeTarget;
			buildConfigurationList = BF5289262DE360DA0045EA8B /* Build configuration list for PBXNativeTarget "Z Font AnalyzerTests" */;
			buildPhases = (
				BF52890B2DE360DA0045EA8B /* Sources */,
				BF52890C2DE360DA0045EA8B /* Frameworks */,
				BF52890D2DE360DA0045EA8B /* Resources */,
			);
			buildRules = (
			);
			dependencies = (
				BF5289112DE360DA0045EA8B /* PBXTargetDependency */,
			);
			fileSystemSynchronizedGroups = (
				BF5289122DE360DA0045EA8B /* Z Font AnalyzerTests */,
			);
			name = "Z Font AnalyzerTests";
			packageProductDependencies = (
			);
			productName = "Z Font AnalyzerTests";
			productReference = BF52890F2DE360DA0045EA8B /* Z Font AnalyzerTests.xctest */;
			productType = "com.apple.product-type.bundle.unit-test";
		};
		BF5289182DE360DA0045EA8B /* Z Font AnalyzerUITests */ = {
			isa = PBXNativeTarget;
			buildConfigurationList = BF5289292DE360DA0045EA8B /* Build configuration list for PBXNativeTarget "Z Font AnalyzerUITests" */;
			buildPhases = (
				BF5289152DE360DA0045EA8B /* Sources */,
				BF5289162DE360DA0045EA8B /* Frameworks */,
				BF5289172DE360DA0045EA8B /* Resources */,
			);
			buildRules = (
			);
			dependencies = (
				BF52891B2DE360DA0045EA8B /* PBXTargetDependency */,
			);
			fileSystemSynchronizedGroups = (
				BF52891C2DE360DA0045EA8B /* Z Font AnalyzerUITests */,
			);
			name = "Z Font AnalyzerUITests";
			packageProductDependencies = (
			);
			productName = "Z Font AnalyzerUITests";
			productReference = BF5289192DE360DA0045EA8B /* Z Font AnalyzerUITests.xctest */;
			productType = "com.apple.product-type.bundle.ui-testing";
		};
/* End PBXNativeTarget section */

/* Begin PBXProject section */
		BF5288F72DE360D80045EA8B /* Project object */ = {
			isa = PBXProject;
			attributes = {
				BuildIndependentTargetsInParallel = 1;
				LastSwiftUpdateCheck = 1630;
				LastUpgradeCheck = 1630;
				TargetAttributes = {
					BF5288FE2DE360D80045EA8B = {
						CreatedOnToolsVersion = 16.3;
					};
					BF52890E2DE360DA0045EA8B = {
						CreatedOnToolsVersion = 16.3;
						TestTargetID = BF5288FE2DE360D80045EA8B;
					};
					BF5289182DE360DA0045EA8B = {
						CreatedOnToolsVersion = 16.3;
						TestTargetID = BF5288FE2DE360D80045EA8B;
					};
				};
			};
			buildConfigurationList = BF5288FA2DE360D80045EA8B /* Build configuration list for PBXProject "Z Font Analyzer" */;
			developmentRegion = en;
			hasScannedForEncodings = 0;
			knownRegions = (
				en,
				Base,
			);
			mainGroup = BF5288F62DE360D70045EA8B;
			minimizedProjectReferenceProxies = 1;
			preferredProjectObjectVersion = 77;
			productRefGroup = BF5289002DE360D80045EA8B /* Products */;
			projectDirPath = "";
			projectRoot = "";
			targets = (
				BF5288FE2DE360D80045EA8B /* Z Font Analyzer */,
				BF52890E2DE360DA0045EA8B /* Z Font AnalyzerTests */,
				BF5289182DE360DA0045EA8B /* Z Font AnalyzerUITests */,
			);
		};
/* End PBXProject section */

/* Begin PBXResourcesBuildPhase section */
		BF5288FD2DE360D80045EA8B /* Resources */ = {
			isa = PBXResourcesBuildPhase;
			buildActionMask = 2147483647;
			files = (
				BF5289302DE3FFFF0045EA8B /* design.md in Resources */,
			);
			runOnlyForDeploymentPostprocessing = 0;
		};
		BF52890D2DE360DA0045EA8B /* Resources */ = {
			isa = PBXResourcesBuildPhase;
			buildActionMask = 2147483647;
			files = (
			);
			runOnlyForDeploymentPostprocessing = 0;
		};
		BF5289172DE360DA0045EA8B /* Resources */ = {
			isa = PBXResourcesBuildPhase;
			buildActionMask = 2147483647;
			files = (
			);
			runOnlyForDeploymentPostprocessing = 0;
		};
/* End PBXResourcesBuildPhase section */

/* Begin PBXSourcesBuildPhase section */
		BF5288FB2DE360D80045EA8B /* Sources */ = {
			isa = PBXSourcesBuildPhase;
			buildActionMask = 2147483647;
			files = (
			);
			runOnlyForDeploymentPostprocessing = 0;
		};
		BF52890B2DE360DA0045EA8B /* Sources */ = {
			isa = PBXSourcesBuildPhase;
			buildActionMask = 2147483647;
			files = (
			);
			runOnlyForDeploymentPostprocessing = 0;
		};
		BF5289152DE360DA0045EA8B /* Sources */ = {
			isa = PBXSourcesBuildPhase;
			buildActionMask = 2147483647;
			files = (
			);
			runOnlyForDeploymentPostprocessing = 0;
		};
/* End PBXSourcesBuildPhase section */

/* Begin PBXTargetDependency section */
		BF5289112DE360DA0045EA8B /* PBXTargetDependency */ = {
			isa = PBXTargetDependency;
			target = BF5288FE2DE360D80045EA8B /* Z Font Analyzer */;
			targetProxy = BF5289102DE360DA0045EA8B /* PBXContainerItemProxy */;
		};
		BF52891B2DE360DA0045EA8B /* PBXTargetDependency */ = {
			isa = PBXTargetDependency;
			target = BF5288FE2DE360D80045EA8B /* Z Font Analyzer */;
			targetProxy = BF52891A2DE360DA0045EA8B /* PBXContainerItemProxy */;
		};
/* End PBXTargetDependency section */

/* Begin XCBuildConfiguration section */
		BF5289212DE360DA0045EA8B /* Debug */ = {
			isa = XCBuildConfiguration;
			buildSettings = {
				ALWAYS_SEARCH_USER_PATHS = NO;
				ASSETCATALOG_COMPILER_GENERATE_SWIFT_ASSET_SYMBOL_EXTENSIONS = YES;
				CLANG_ANALYZER_NONNULL = YES;
				CLANG_ANALYZER_NUMBER_OBJECT_CONVERSION = YES_AGGRESSIVE;
				CLANG_CXX_LANGUAGE_STANDARD = "gnu++20";
				CLANG_ENABLE_MODULES = YES;
				CLANG_ENABLE_OBJC_ARC = YES;
				CLANG_ENABLE_OBJC_WEAK = YES;
				CLANG_WARN_BLOCK_CAPTURE_AUTORELEASING = YES;
				CLANG_WARN_BOOL_CONVERSION = YES;
				CLANG_WARN_COMMA = YES;
				CLANG_WARN_CONSTANT_CONVERSION = YES;
				CLANG_WARN_DEPRECATED_OBJC_IMPLEMENTATIONS = YES;
				CLANG_WARN_DIRECT_OBJC_ISA_USAGE = YES_ERROR;
				CLANG_WARN_DOCUMENTATION_COMMENTS = YES;
				CLANG_WARN_EMPTY_BODY = YES;
				CLANG_WARN_ENUM_CONVERSION = YES;
				CLANG_WARN_INFINITE_RECURSION = YES;
				CLANG_WARN_INT_CONVERSION = YES;
				CLANG_WARN_NON_LITERAL_NULL_CONVERSION = YES;
				CLANG_WARN_OBJC_IMPLICIT_RETAIN_SELF = YES;
				CLANG_WARN_OBJC_LITERAL_CONVERSION = YES;
				CLANG_WARN_OBJC_ROOT_CLASS = YES_ERROR;
				CLANG_WARN_QUOTED_INCLUDE_IN_FRAMEWORK_HEADER = YES;
				CLANG_WARN_RANGE_LOOP_ANALYSIS = YES;
				CLANG_WARN_STRICT_PROTOTYPES = YES;
				CLANG_WARN_SUSPICIOUS_MOVE = YES;
				CLANG_WARN_UNGUARDED_AVAILABILITY = YES_AGGRESSIVE;
				CLANG_WARN_UNREACHABLE_CODE = YES;
				CLANG_WARN__DUPLICATE_METHOD_MATCH = YES;
				COPY_PHASE_STRIP = NO;
				DEBUG_INFORMATION_FORMAT = dwarf;
				DEVELOPMENT_TEAM = 4J4FYU3343;
				ENABLE_STRICT_OBJC_MSGSEND = YES;
				ENABLE_TESTABILITY = YES;
				ENABLE_USER_SCRIPT_SANDBOXING = YES;
				GCC_C_LANGUAGE_STANDARD = gnu17;
				GCC_DYNAMIC_NO_PIC = NO;
				GCC_NO_COMMON_BLOCKS = YES;
				GCC_OPTIMIZATION_LEVEL = 0;
				GCC_PREPROCESSOR_DEFINITIONS = (
					"DEBUG=1",
					"$(inherited)",
				);
				GCC_WARN_64_TO_32_BIT_CONVERSION = YES;
				GCC_WARN_ABOUT_RETURN_TYPE = YES_ERROR;
				GCC_WARN_UNDECLARED_SELECTOR = YES;
				GCC_WARN_UNINITIALIZED_AUTOS = YES_AGGRESSIVE;
				GCC_WARN_UNUSED_FUNCTION = YES;
				GCC_WARN_UNUSED_VARIABLE = YES;
				LOCALIZATION_PREFERS_STRING_CATALOGS = YES;
				MTL_ENABLE_DEBUG_INFO = INCLUDE_SOURCE;
				MTL_FAST_MATH = YES;
				ONLY_ACTIVE_ARCH = YES;
				SWIFT_ACTIVE_COMPILATION_CONDITIONS = "DEBUG $(inherited)";
				SWIFT_OPTIMIZATION_LEVEL = "-Onone";
			};
			name = Debug;
		};
		BF5289222DE360DA0045EA8B /* Release */ = {
			isa = XCBuildConfiguration;
			buildSettings = {
				ALWAYS_SEARCH_USER_PATHS = NO;
				ASSETCATALOG_COMPILER_GENERATE_SWIFT_ASSET_SYMBOL_EXTENSIONS = YES;
				CLANG_ANALYZER_NONNULL = YES;
				CLANG_ANALYZER_NUMBER_OBJECT_CONVERSION = YES_AGGRESSIVE;
				CLANG_CXX_LANGUAGE_STANDARD = "gnu++20";
				CLANG_ENABLE_MODULES = YES;
				CLANG_ENABLE_OBJC_ARC = YES;
				CLANG_ENABLE_OBJC_WEAK = YES;
				CLANG_WARN_BLOCK_CAPTURE_AUTORELEASING = YES;
				CLANG_WARN_BOOL_CONVERSION = YES;
				CLANG_WARN_COMMA = YES;
				CLANG_WARN_CONSTANT_CONVERSION = YES;
				CLANG_WARN_DEPRECATED_OBJC_IMPLEMENTATIONS = YES;
				CLANG_WARN_DIRECT_OBJC_ISA_USAGE = YES_ERROR;
				CLANG_WARN_DOCUMENTATION_COMMENTS = YES;
				CLANG_WARN_EMPTY_BODY = YES;
				CLANG_WARN_ENUM_CONVERSION = YES;
				CLANG_WARN_INFINITE_RECURSION = YES;
				CLANG_WARN_INT_CONVERSION = YES;
				CLANG_WARN_NON_LITERAL_NULL_CONVERSION = YES;
				CLANG_WARN_OBJC_IMPLICIT_RETAIN_SELF = YES;
				CLANG_WARN_OBJC_LITERAL_CONVERSION = YES;
				CLANG_WARN_OBJC_ROOT_CLASS = YES_ERROR;
				CLANG_WARN_QUOTED_INCLUDE_IN_FRAMEWORK_HEADER = YES;
				CLANG_WARN_RANGE_LOOP_ANALYSIS = YES;
				CLANG_WARN_STRICT_PROTOTYPES = YES;
				CLANG_WARN_SUSPICIOUS_MOVE = YES;
				CLANG_WARN_UNGUARDED_AVAILABILITY = YES_AGGRESSIVE;
				CLANG_WARN_UNREACHABLE_CODE = YES;
				CLANG_WARN__DUPLICATE_METHOD_MATCH = YES;
				COPY_PHASE_STRIP = NO;
				DEBUG_INFORMATION_FORMAT = "dwarf-with-dsym";
				DEVELOPMENT_TEAM = 4J4FYU3343;
				ENABLE_NS_ASSERTIONS = NO;
				ENABLE_STRICT_OBJC_MSGSEND = YES;
				ENABLE_USER_SCRIPT_SANDBOXING = YES;
				GCC_C_LANGUAGE_STANDARD = gnu17;
				GCC_NO_COMMON_BLOCKS = YES;
				GCC_WARN_64_TO_32_BIT_CONVERSION = YES;
				GCC_WARN_ABOUT_RETURN_TYPE = YES_ERROR;
				GCC_WARN_UNDECLARED_SELECTOR = YES;
				GCC_WARN_UNINITIALIZED_AUTOS = YES_AGGRESSIVE;
				GCC_WARN_UNUSED_FUNCTION = YES;
				GCC_WARN_UNUSED_VARIABLE = YES;
				LOCALIZATION_PREFERS_STRING_CATALOGS = YES;
				MTL_ENABLE_DEBUG_INFO = NO;
				MTL_FAST_MATH = YES;
				SWIFT_COMPILATION_MODE = wholemodule;
			};
			name = Release;
		};
		BF5289242DE360DA0045EA8B /* Debug */ = {
			isa = XCBuildConfiguration;
			buildSettings = {
				ASSETCATALOG_COMPILER_APPICON_NAME = AppIcon;
				ASSETCATALOG_COMPILER_GLOBAL_ACCENT_COLOR_NAME = AccentColor;
				CODE_SIGN_ENTITLEMENTS = "Z Font Analyzer/Z_Font_Analyzer.entitlements";
				CODE_SIGN_STYLE = Automatic;
				CURRENT_PROJECT_VERSION = 1;
				DEVELOPMENT_TEAM = 4J4FYU3343;
				ENABLE_HARDENED_RUNTIME = YES;
				ENABLE_PREVIEWS = YES;
				GENERATE_INFOPLIST_FILE = YES;
				"INFOPLIST_KEY_UIApplicationSceneManifest_Generation[sdk=iphoneos*]" = YES;
				"INFOPLIST_KEY_UIApplicationSceneManifest_Generation[sdk=iphonesimulator*]" = YES;
				"INFOPLIST_KEY_UIApplicationSupportsIndirectInputEvents[sdk=iphoneos*]" = YES;
				"INFOPLIST_KEY_UIApplicationSupportsIndirectInputEvents[sdk=iphonesimulator*]" = YES;
				"INFOPLIST_KEY_UILaunchScreen_Generation[sdk=iphoneos*]" = YES;
				"INFOPLIST_KEY_UILaunchScreen_Generation[sdk=iphonesimulator*]" = YES;
				"INFOPLIST_KEY_UIStatusBarStyle[sdk=iphoneos*]" = UIStatusBarStyleDefault;
				"INFOPLIST_KEY_UIStatusBarStyle[sdk=iphonesimulator*]" = UIStatusBarStyleDefault;
				INFOPLIST_KEY_UISupportedInterfaceOrientations_iPad = "UIInterfaceOrientationPortrait UIInterfaceOrientationPortraitUpsideDown UIInterfaceOrientationLandscapeLeft UIInterfaceOrientationLandscapeRight";
				INFOPLIST_KEY_UISupportedInterfaceOrientations_iPhone = "UIInterfaceOrientationPortrait UIInterfaceOrientationLandscapeLeft UIInterfaceOrientationLandscapeRight";
				IPHONEOS_DEPLOYMENT_TARGET = 18.4;
				LD_RUNPATH_SEARCH_PATHS = "@executable_path/Frameworks";
				"LD_RUNPATH_SEARCH_PATHS[sdk=macosx*]" = "@executable_path/../Frameworks";
				MACOSX_DEPLOYMENT_TARGET = 14.0;
				MARKETING_VERSION = 1.0;
				PRODUCT_BUNDLE_IDENTIFIER = "Ulitmate-Learning-Machine.Z-Font-Analyzer";
				PRODUCT_NAME = "$(TARGET_NAME)";
				REGISTER_APP_GROUPS = YES;
				SDKROOT = auto;
				SUPPORTED_PLATFORMS = "iphoneos iphonesimulator macosx xros xrsimulator";
				SWIFT_EMIT_LOC_STRINGS = YES;
				SWIFT_VERSION = 5.0;
				TARGETED_DEVICE_FAMILY = "1,2,7";
				XROS_DEPLOYMENT_TARGET = 2.4;
			};
			name = Debug;
		};
		BF5289252DE360DA0045EA8B /* Release */ = {
			isa = XCBuildConfiguration;
			buildSettings = {
				ASSETCATALOG_COMPILER_APPICON_NAME = AppIcon;
				ASSETCATALOG_COMPILER_GLOBAL_ACCENT_COLOR_NAME = AccentColor;
				CODE_SIGN_ENTITLEMENTS = "Z Font Analyzer/Z_Font_Analyzer.entitlements";
				CODE_SIGN_STYLE = Automatic;
				CURRENT_PROJECT_VERSION = 1;
				DEVELOPMENT_TEAM = 4J4FYU3343;
				ENABLE_HARDENED_RUNTIME = YES;
				ENABLE_PREVIEWS = YES;
				GENERATE_INFOPLIST_FILE = YES;
				"INFOPLIST_KEY_UIApplicationSceneManifest_Generation[sdk=iphoneos*]" = YES;
				"INFOPLIST_KEY_UIApplicationSceneManifest_Generation[sdk=iphonesimulator*]" = YES;
				"INFOPLIST_KEY_UIApplicationSupportsIndirectInputEvents[sdk=iphoneos*]" = YES;
				"INFOPLIST_KEY_UIApplicationSupportsIndirectInputEvents[sdk=iphonesimulator*]" = YES;
				"INFOPLIST_KEY_UILaunchScreen_Generation[sdk=iphoneos*]" = YES;
				"INFOPLIST_KEY_UILaunchScreen_Generation[sdk=iphonesimulator*]" = YES;
				"INFOPLIST_KEY_UIStatusBarStyle[sdk=iphoneos*]" = UIStatusBarStyleDefault;
				"INFOPLIST_KEY_UIStatusBarStyle[sdk=iphonesimulator*]" = UIStatusBarStyleDefault;
				INFOPLIST_KEY_UISupportedInterfaceOrientations_iPad = "UIInterfaceOrientationPortrait UIInterfaceOrientationPortraitUpsideDown UIInterfaceOrientationLandscapeLeft UIInterfaceOrientationLandscapeRight";
				INFOPLIST_KEY_UISupportedInterfaceOrientations_iPhone = "UIInterfaceOrientationPortrait UIInterfaceOrientationLandscapeLeft UIInterfaceOrientationLandscapeRight";
				IPHONEOS_DEPLOYMENT_TARGET = 18.4;
				LD_RUNPATH_SEARCH_PATHS = "@executable_path/Frameworks";
				"LD_RUNPATH_SEARCH_PATHS[sdk=macosx*]" = "@executable_path/../Frameworks";
				MACOSX_DEPLOYMENT_TARGET = 14.0;
				MARKETING_VERSION = 1.0;
				PRODUCT_BUNDLE_IDENTIFIER = "Ulitmate-Learning-Machine.Z-Font-Analyzer";
				PRODUCT_NAME = "$(TARGET_NAME)";
				REGISTER_APP_GROUPS = YES;
				SDKROOT = auto;
				SUPPORTED_PLATFORMS = "iphoneos iphonesimulator macosx xros xrsimulator";
				SWIFT_EMIT_LOC_STRINGS = YES;
				SWIFT_VERSION = 5.0;
				TARGETED_DEVICE_FAMILY = "1,2,7";
				XROS_DEPLOYMENT_TARGET = 2.4;
			};
			name = Release;
		};
		BF5289272DE360DA0045EA8B /* Debug */ = {
			isa = XCBuildConfiguration;
			buildSettings = {
				BUNDLE_LOADER = "$(TEST_HOST)";
				CODE_SIGN_STYLE = Automatic;
				CURRENT_PROJECT_VERSION = 1;
				DEVELOPMENT_TEAM = 4J4FYU3343;
				GENERATE_INFOPLIST_FILE = YES;
				IPHONEOS_DEPLOYMENT_TARGET = 18.4;
				MACOSX_DEPLOYMENT_TARGET = 15.4;
				MARKETING_VERSION = 1.0;
				PRODUCT_BUNDLE_IDENTIFIER = "Ulitmate-Learning-Machine.Z-Font-AnalyzerTests";
				PRODUCT_NAME = "$(TARGET_NAME)";
				SDKROOT = auto;
				SUPPORTED_PLATFORMS = "iphoneos iphonesimulator macosx xros xrsimulator";
				SWIFT_EMIT_LOC_STRINGS = NO;
				SWIFT_VERSION = 5.0;
				TARGETED_DEVICE_FAMILY = "1,2,7";
				TEST_HOST = "$(BUILT_PRODUCTS_DIR)/Z Font Analyzer.app/$(BUNDLE_EXECUTABLE_FOLDER_PATH)/Z Font Analyzer";
				XROS_DEPLOYMENT_TARGET = 2.4;
			};
			name = Debug;
		};
		BF5289282DE360DA0045EA8B /* Release */ = {
			isa = XCBuildConfiguration;
			buildSettings = {
				BUNDLE_LOADER = "$(TEST_HOST)";
				CODE_SIGN_STYLE = Automatic;
				CURRENT_PROJECT_VERSION = 1;
				DEVELOPMENT_TEAM = 4J4FYU3343;
				GENERATE_INFOPLIST_FILE = YES;
				IPHONEOS_DEPLOYMENT_TARGET = 18.4;
				MACOSX_DEPLOYMENT_TARGET = 15.4;
				MARKETING_VERSION = 1.0;
				PRODUCT_BUNDLE_IDENTIFIER = "Ulitmate-Learning-Machine.Z-Font-AnalyzerTests";
				PRODUCT_NAME = "$(TARGET_NAME)";
				SDKROOT = auto;
				SUPPORTED_PLATFORMS = "iphoneos iphonesimulator macosx xros xrsimulator";
				SWIFT_EMIT_LOC_STRINGS = NO;
				SWIFT_VERSION = 5.0;
				TARGETED_DEVICE_FAMILY = "1,2,7";
				TEST_HOST = "$(BUILT_PRODUCTS_DIR)/Z Font Analyzer.app/$(BUNDLE_EXECUTABLE_FOLDER_PATH)/Z Font Analyzer";
				XROS_DEPLOYMENT_TARGET = 2.4;
			};
			name = Release;
		};
		BF52892A2DE360DA0045EA8B /* Debug */ = {
			isa = XCBuildConfiguration;
			buildSettings = {
				CODE_SIGN_STYLE = Automatic;
				CURRENT_PROJECT_VERSION = 1;
				DEVELOPMENT_TEAM = 4J4FYU3343;
				GENERATE_INFOPLIST_FILE = YES;
				IPHONEOS_DEPLOYMENT_TARGET = 18.4;
				MACOSX_DEPLOYMENT_TARGET = 15.4;
				MARKETING_VERSION = 1.0;
				PRODUCT_BUNDLE_IDENTIFIER = "Ulitmate-Learning-Machine.Z-Font-AnalyzerUITests";
				PRODUCT_NAME = "$(TARGET_NAME)";
				SDKROOT = auto;
				SUPPORTED_PLATFORMS = "iphoneos iphonesimulator macosx xros xrsimulator";
				SWIFT_EMIT_LOC_STRINGS = NO;
				SWIFT_VERSION = 5.0;
				TARGETED_DEVICE_FAMILY = "1,2,7";
				TEST_TARGET_NAME = "Z Font Analyzer";
				XROS_DEPLOYMENT_TARGET = 2.4;
			};
			name = Debug;
		};
		BF52892B2DE360DA0045EA8B /* Release */ = {
			isa = XCBuildConfiguration;
			buildSettings = {
				CODE_SIGN_STYLE = Automatic;
				CURRENT_PROJECT_VERSION = 1;
				DEVELOPMENT_TEAM = 4J4FYU3343;
				GENERATE_INFOPLIST_FILE = YES;
				IPHONEOS_DEPLOYMENT_TARGET = 18.4;
				MACOSX_DEPLOYMENT_TARGET = 15.4;
				MARKETING_VERSION = 1.0;
				PRODUCT_BUNDLE_IDENTIFIER = "Ulitmate-Learning-Machine.Z-Font-AnalyzerUITests";
				PRODUCT_NAME = "$(TARGET_NAME)";
				SDKROOT = auto;
				SUPPORTED_PLATFORMS = "iphoneos iphonesimulator macosx xros xrsimulator";
				SWIFT_EMIT_LOC_STRINGS = NO;
				SWIFT_VERSION = 5.0;
				TARGETED_DEVICE_FAMILY = "1,2,7";
				TEST_TARGET_NAME = "Z Font Analyzer";
				XROS_DEPLOYMENT_TARGET = 2.4;
			};
			name = Release;
		};
/* End XCBuildConfiguration section */

/* Begin XCConfigurationList section */
		BF5288FA2DE360D80045EA8B /* Build configuration list for PBXProject "Z Font Analyzer" */ = {
			isa = XCConfigurationList;
			buildConfigurations = (
				BF5289212DE360DA0045EA8B /* Debug */,
				BF5289222DE360DA0045EA8B /* Release */,
			);
			defaultConfigurationIsVisible = 0;
			defaultConfigurationName = Release;
		};
		BF5289232DE360DA0045EA8B /* Build configuration list for PBXNativeTarget "Z Font Analyzer" */ = {
			isa = XCConfigurationList;
			buildConfigurations = (
				BF5289242DE360DA0045EA8B /* Debug */,
				BF5289252DE360DA0045EA8B /* Release */,
			);
			defaultConfigurationIsVisible = 0;
			defaultConfigurationName = Release;
		};
		BF5289262DE360DA0045EA8B /* Build configuration list for PBXNativeTarget "Z Font AnalyzerTests" */ = {
			isa = XCConfigurationList;
			buildConfigurations = (
				BF5289272DE360DA0045EA8B /* Debug */,
				BF5289282DE360DA0045EA8B /* Release */,
			);
			defaultConfigurationIsVisible = 0;
			defaultConfigurationName = Release;
		};
		BF5289292DE360DA0045EA8B /* Build configuration list for PBXNativeTarget "Z Font AnalyzerUITests" */ = {
			isa = XCConfigurationList;
			buildConfigurations = (
				BF52892A2DE360DA0045EA8B /* Debug */,
				BF52892B2DE360DA0045EA8B /* Release */,
			);
			defaultConfigurationIsVisible = 0;
			defaultConfigurationName = Release;
		};
/* End XCConfigurationList section */
	};
	rootObject = BF5288F72DE360D80045EA8B /* Project object */;
}
